
Microsoft Visual Studio Solution File, Format Version 12.00
# Visual Studio Version 17
VisualStudioVersion = 17.5.33627.172
MinimumVisualStudioVersion = 10.0.40219.1
Project("{9A19103F-16F7-4668-BE54-9A1E7A4F7556}") = "BTMAppUI", "BTMAppUI\BTMAppUI.csproj", "{F896E81A-B71D-43B1-933F-A541E42B0E3A}"
EndProject
Project("{9A19103F-16F7-4668-BE54-9A1E7A4F7556}") = "DAL", "BTMAppDAL\DAL.csproj", "{15A0BC41-8121-4D3F-B0B6-8D44C7CBC3B9}"
EndProject
Project("{9A19103F-16F7-4668-BE54-9A1E7A4F7556}") = "Infrastructure", "Infrastructure\Infrastructure.csproj", "{BC9AB859-EE71-432B-BFD5-1B0D10C46E02}"
EndProject
Project("{FAE04EC0-301F-11D3-BF4B-00C04F79EFBC}") = "UnitTest", "UnitTest\UnitTest.csproj", "{BE1BEB70-1B15-4AD4-9B99-5EAC0C71EEEA}"
EndProject
Global
	GlobalSection(SolutionConfigurationPlatforms) = preSolution
		Debug|Any CPU = Debug|Any CPU
		Release|Any CPU = Release|Any CPU
	EndGlobalSection
	GlobalSection(ProjectConfigurationPlatforms) = postSolution
		{F896E81A-B71D-43B1-933F-A541E42B0E3A}.Debug|Any CPU.ActiveCfg = Debug|Any CPU
		{F896E81A-B71D-43B1-933F-A541E42B0E3A}.Debug|Any CPU.Build.0 = Debug|Any CPU
		{F896E81A-B71D-43B1-933F-A541E42B0E3A}.Release|Any CPU.ActiveCfg = Release|Any CPU
		{F896E81A-B71D-43B1-933F-A541E42B0E3A}.Release|Any CPU.Build.0 = Release|Any CPU
		{15A0BC41-8121-4D3F-B0B6-8D44C7CBC3B9}.Debug|Any CPU.ActiveCfg = Debug|Any CPU
		{15A0BC41-8121-4D3F-B0B6-8D44C7CBC3B9}.Debug|Any CPU.Build.0 = Debug|Any CPU
		{15A0BC41-8121-4D3F-B0B6-8D44C7CBC3B9}.Release|Any CPU.ActiveCfg = Release|Any CPU
		{15A0BC41-8121-4D3F-B0B6-8D44C7CBC3B9}.Release|Any CPU.Build.0 = Release|Any CPU
		{BC9AB859-EE71-432B-BFD5-1B0D10C46E02}.Debug|Any CPU.ActiveCfg = Debug|Any CPU
		{BC9AB859-EE71-432B-BFD5-1B0D10C46E02}.Debug|Any CPU.Build.0 = Debug|Any CPU
		{BC9AB859-EE71-432B-BFD5-1B0D10C46E02}.Release|Any CPU.ActiveCfg = Release|Any CPU
		{BC9AB859-EE71-432B-BFD5-1B0D10C46E02}.Release|Any CPU.Build.0 = Release|Any CPU
		{BE1BEB70-1B15-4AD4-9B99-5EAC0C71EEEA}.Debug|Any CPU.ActiveCfg = Debug|Any CPU
		{BE1BEB70-1B15-4AD4-9B99-5EAC0C71EEEA}.Debug|Any CPU.Build.0 = Debug|Any CPU
		{BE1BEB70-1B15-4AD4-9B99-5EAC0C71EEEA}.Release|Any CPU.ActiveCfg = Release|Any CPU
		{BE1BEB70-1B15-4AD4-9B99-5EAC0C71EEEA}.Release|Any CPU.Build.0 = Release|Any CPU
	EndGlobalSection
	GlobalSection(SolutionProperties) = preSolution
		HideSolutionNode = FALSE
	EndGlobalSection
	GlobalSection(ExtensibilityGlobals) = postSolution
		SolutionGuid = {F74ED926-ECE1-486D-A8FF-501C5B2E58BD}
	EndGlobalSection
EndGlobal
